
Microsoft Visual Studio Solution File, Format Version 12.00
# Visual Studio Version 17
VisualStudioVersion = 17.5.33424.131
MinimumVisualStudioVersion = 10.0.40219.1
Project("{FAE04EC0-301F-11D3-BF4B-00C04F79EFBC}") = "Question2", "Question2\Question2.csproj", "{B792CA82-88CD-416A-B391-3BBBEDA8FFFD}"
EndProject
Global
	GlobalSection(SolutionConfigurationPlatforms) = preSolution
		Debug|Any CPU = Debug|Any CPU
		Release|Any CPU = Release|Any CPU
	EndGlobalSection
	GlobalSection(ProjectConfigurationPlatforms) = postSolution
		{B792CA82-88CD-416A-B391-3BBBEDA8FFFD}.Debug|Any CPU.ActiveCfg = Debug|Any CPU
		{B792CA82-88CD-416A-B391-3BBBEDA8FFFD}.Debug|Any CPU.Build.0 = Debug|Any CPU
		{B792CA82-88CD-416A-B391-3BBBEDA8FFFD}.Release|Any CPU.ActiveCfg = Release|Any CPU
		{B792CA82-88CD-416A-B391-3BBBEDA8FFFD}.Release|Any CPU.Build.0 = Release|Any CPU
	EndGlobalSection
	GlobalSection(SolutionProperties) = preSolution
		HideSolutionNode = FALSE
	EndGlobalSection
	GlobalSection(ExtensibilityGlobals) = postSolution
		SolutionGuid = {B4B97915-613A-4C83-9B4F-D82426DE3705}
	EndGlobalSection
EndGlobal
