
Microsoft Visual Studio Solution File, Format Version 12.00
# Visual Studio Version 17
VisualStudioVersion = 17.4.33403.182
MinimumVisualStudioVersion = 10.0.40219.1
Project("{FAE04EC0-301F-11D3-BF4B-00C04F79EFBC}") = "Lab1_Question1", "Lab1_Question1\Lab1_Question1.csproj", "{A518F069-BBFB-43FE-87BE-6B26A1A22304}"
EndProject
Global
	GlobalSection(SolutionConfigurationPlatforms) = preSolution
		Debug|Any CPU = Debug|Any CPU
		Release|Any CPU = Release|Any CPU
	EndGlobalSection
	GlobalSection(ProjectConfigurationPlatforms) = postSolution
		{A518F069-BBFB-43FE-87BE-6B26A1A22304}.Debug|Any CPU.ActiveCfg = Debug|Any CPU
		{A518F069-BBFB-43FE-87BE-6B26A1A22304}.Debug|Any CPU.Build.0 = Debug|Any CPU
		{A518F069-BBFB-43FE-87BE-6B26A1A22304}.Release|Any CPU.ActiveCfg = Release|Any CPU
		{A518F069-BBFB-43FE-87BE-6B26A1A22304}.Release|Any CPU.Build.0 = Release|Any CPU
	EndGlobalSection
	GlobalSection(SolutionProperties) = preSolution
		HideSolutionNode = FALSE
	EndGlobalSection
	GlobalSection(ExtensibilityGlobals) = postSolution
		SolutionGuid = {8688D5CA-1E9D-45EF-85C8-1D47A71A6043}
	EndGlobalSection
EndGlobal
