
Microsoft Visual Studio Solution File, Format Version 12.00
# Visual Studio Version 17
VisualStudioVersion = 17.4.33403.182
MinimumVisualStudioVersion = 10.0.40219.1
Project("{FAE04EC0-301F-11D3-BF4B-00C04F79EFBC}") = "TUT2_Question4", "TUT2_Question4\TUT2_Question4.csproj", "{33CE2063-D3B7-4AE8-9530-CE8DD1630A0A}"
EndProject
Global
	GlobalSection(SolutionConfigurationPlatforms) = preSolution
		Debug|Any CPU = Debug|Any CPU
		Release|Any CPU = Release|Any CPU
	EndGlobalSection
	GlobalSection(ProjectConfigurationPlatforms) = postSolution
		{33CE2063-D3B7-4AE8-9530-CE8DD1630A0A}.Debug|Any CPU.ActiveCfg = Debug|Any CPU
		{33CE2063-D3B7-4AE8-9530-CE8DD1630A0A}.Debug|Any CPU.Build.0 = Debug|Any CPU
		{33CE2063-D3B7-4AE8-9530-CE8DD1630A0A}.Release|Any CPU.ActiveCfg = Release|Any CPU
		{33CE2063-D3B7-4AE8-9530-CE8DD1630A0A}.Release|Any CPU.Build.0 = Release|Any CPU
	EndGlobalSection
	GlobalSection(SolutionProperties) = preSolution
		HideSolutionNode = FALSE
	EndGlobalSection
	GlobalSection(ExtensibilityGlobals) = postSolution
		SolutionGuid = {E8BB420A-48DE-4860-A45A-B6FA6051E24C}
	EndGlobalSection
EndGlobal
