
Microsoft Visual Studio Solution File, Format Version 12.00
# Visual Studio Version 17
VisualStudioVersion = 17.4.33403.182
MinimumVisualStudioVersion = 10.0.40219.1
Project("{FAE04EC0-301F-11D3-BF4B-00C04F79EFBC}") = "Lab1_Question2", "Lab1_Question2\Lab1_Question2.csproj", "{31CE24DA-0493-4207-9E6C-EBA428651B21}"
EndProject
Global
	GlobalSection(SolutionConfigurationPlatforms) = preSolution
		Debug|Any CPU = Debug|Any CPU
		Release|Any CPU = Release|Any CPU
	EndGlobalSection
	GlobalSection(ProjectConfigurationPlatforms) = postSolution
		{31CE24DA-0493-4207-9E6C-EBA428651B21}.Debug|Any CPU.ActiveCfg = Debug|Any CPU
		{31CE24DA-0493-4207-9E6C-EBA428651B21}.Debug|Any CPU.Build.0 = Debug|Any CPU
		{31CE24DA-0493-4207-9E6C-EBA428651B21}.Release|Any CPU.ActiveCfg = Release|Any CPU
		{31CE24DA-0493-4207-9E6C-EBA428651B21}.Release|Any CPU.Build.0 = Release|Any CPU
	EndGlobalSection
	GlobalSection(SolutionProperties) = preSolution
		HideSolutionNode = FALSE
	EndGlobalSection
	GlobalSection(ExtensibilityGlobals) = postSolution
		SolutionGuid = {8AE503AF-CC65-4CA4-B40A-C79065F41108}
	EndGlobalSection
EndGlobal
